{
  "lockfileVersion": 1,
  "configVersion": 1,
  "workspaces": {
    "": {
      "name": "@hmemcpy/ralph-wiggum",
      "dependencies": {
        "@sourcegraph/amp-sdk": "latest",
      },
      "devDependencies": {
        "@types/node": "^22.0.0",
        "typescript": "^5.7.0",
      },
    },
  },
  "packages": {
    "@napi-rs/keyring": ["@napi-rs/keyring@1.1.9", "", { "optionalDependencies": { "@napi-rs/keyring-darwin-arm64": "1.1.9", "@napi-rs/keyring-darwin-x64": "1.1.9", "@napi-rs/keyring-freebsd-x64": "1.1.9", "@napi-rs/keyring-linux-arm-gnueabihf": "1.1.9", "@napi-rs/keyring-linux-arm64-gnu": "1.1.9", "@napi-rs/keyring-linux-arm64-musl": "1.1.9", "@napi-rs/keyring-linux-riscv64-gnu": "1.1.9", "@napi-rs/keyring-linux-x64-gnu": "1.1.9", "@napi-rs/keyring-linux-x64-musl": "1.1.9", "@napi-rs/keyring-win32-arm64-msvc": "1.1.9", "@napi-rs/keyring-win32-ia32-msvc": "1.1.9", "@napi-rs/keyring-win32-x64-msvc": "1.1.9" } }, "sha512-qjg04yaJ/gFqgG7wDqLlWBvZpsjvYDtwL+xOr2vSM2JrhojuIKsw7pH013U7xJOradTVGeQqhwqgZtt2IblgOw=="],

    "@napi-rs/keyring-darwin-arm64": ["@napi-rs/keyring-darwin-arm64@1.1.9", "", { "os": "darwin", "cpu": "arm64" }, "sha512-/lVnrSFrut+8pQC6IcqlfHKzcEmf2XvQDOZPB5X4vI23GrNXBd56EuBlFPdTBtx46A8Bn+Aqi6pS8cnprHtcCw=="],

    "@napi-rs/keyring-darwin-x64": ["@napi-rs/keyring-darwin-x64@1.1.9", "", { "os": "darwin", "cpu": "x64" }, "sha512-G3PiFZTAFTzUnpSB31A/UaPjl48/3sDTLmLxaAZBEk7HcOyBnL31gA1YqhDCO7F2y5sD5TWiFiuID9MyqYOcjw=="],

    "@napi-rs/keyring-freebsd-x64": ["@napi-rs/keyring-freebsd-x64@1.1.9", "", { "os": "freebsd", "cpu": "x64" }, "sha512-R4XbvRhEzQyOy4yM+SMDgk8BgkLPkIzXGwR6QR0wJ2YrPeBx3F2TrgdHfsIGSn/X5Axg/2UlrCiZVciZ5BmusA=="],

    "@napi-rs/keyring-linux-arm-gnueabihf": ["@napi-rs/keyring-linux-arm-gnueabihf@1.1.9", "", { "os": "linux", "cpu": "arm" }, "sha512-UrKy110I+zQyBtw4HLVUqZ1jDq11K3PmQIYgWAJNwB5VQOj4IQ63zLxk4V01Jx4bNOJmGNlvHDJUAyh/lC5Yww=="],

    "@napi-rs/keyring-linux-arm64-gnu": ["@napi-rs/keyring-linux-arm64-gnu@1.1.9", "", { "os": "linux", "cpu": "arm64" }, "sha512-yOrhVpNGexDYzybe3dhmHQRPBDjlZPtJDE+eGSi1JwEqYlWDB+4IWjRsetxnO63DhnMFRLeMTdwWghsYrA7VwA=="],

    "@napi-rs/keyring-linux-arm64-musl": ["@napi-rs/keyring-linux-arm64-musl@1.1.9", "", { "os": "linux", "cpu": "arm64" }, "sha512-82EcuzoV/+Dxwi1HHhrEEprN5Ou7OsRKyTJSaRqiVuGvLaQDUhZX/4zXTTh4Pz24m22Q4aoJogafS31w8iKGGw=="],

    "@napi-rs/keyring-linux-riscv64-gnu": ["@napi-rs/keyring-linux-riscv64-gnu@1.1.9", "", { "os": "linux", "cpu": "none" }, "sha512-Q1ar7DszC1X8FW6w7Ql7b72GFeAUxkTiOuxXChCFBy7eWCQSDrr52ZLroIowp82RmkQLZebnK+IwSssD2Ntoag=="],

    "@napi-rs/keyring-linux-x64-gnu": ["@napi-rs/keyring-linux-x64-gnu@1.1.9", "", { "os": "linux", "cpu": "x64" }, "sha512-LMvrYt1ho3pEDECssA7ATbcMDgayEUwwSD+UfrC7Hj1+C6dlvipwt5njwUDCno2OeXbjjisCo4CR9fDmXa4sZA=="],

    "@napi-rs/keyring-linux-x64-musl": ["@napi-rs/keyring-linux-x64-musl@1.1.9", "", { "os": "linux", "cpu": "x64" }, "sha512-x2i/TgS2/fM+6LRj1MrtVC580sepz5GcxbSCXpttx2H58uZKBF0vVM9HDPHoKP2w5++fyrA17eltJNYN3Ob46A=="],

    "@napi-rs/keyring-win32-arm64-msvc": ["@napi-rs/keyring-win32-arm64-msvc@1.1.9", "", { "os": "win32", "cpu": "arm64" }, "sha512-14t6p8CTBNfGzLO5LXqurT+pAOf/ocGjOM/qiG/LW+jPkhyJYBNI9e3HKq3QX+ObbnxVpt4fAY02b4XLt7EWig=="],

    "@napi-rs/keyring-win32-ia32-msvc": ["@napi-rs/keyring-win32-ia32-msvc@1.1.9", "", { "os": "win32", "cpu": "ia32" }, "sha512-7+7aXz5op6PtOnWYcK1GYXWQlk2zfpdPt9taLqmCCVpk1g4m3Gw1wyKyQxjrg9clHWdNhdWxhFEA0osDxG8/Eg=="],

    "@napi-rs/keyring-win32-x64-msvc": ["@napi-rs/keyring-win32-x64-msvc@1.1.9", "", { "os": "win32", "cpu": "x64" }, "sha512-P1wsSrSqDqvcXLL7yiH2RsO3De65wuEQj1ZjV9s1MHfEP5dIdriNYZfFsRBlOsl32GoK3qFzsuH5DTVviGEHSw=="],

    "@sourcegraph/amp": ["@sourcegraph/amp@0.0.1768227029-g236a2c", "", { "dependencies": { "@napi-rs/keyring": "1.1.9" }, "bin": { "amp": "dist/main.js" } }, "sha512-pQg+A/vaQ37zyCAMA/o3dte9ukV+cbua9of5zU0HEsfaFSKdk+nA3/9fsfmiCgIwSExGUPDvJhN80drLQA9n1A=="],

    "@sourcegraph/amp-sdk": ["@sourcegraph/amp-sdk@0.1.0-20260112121623-g8af1189", "", { "dependencies": { "@sourcegraph/amp": "latest", "zod": "^3.23.8" } }, "sha512-cB9itOElD7eGqCoyZtqtOuISO/APIWKud6QIhUp3iCJCX9i63D9Vouc56pWbeQA455kJ27ffWFHA7gfgWKnbKg=="],

    "@types/node": ["@types/node@22.19.5", "", { "dependencies": { "undici-types": "~6.21.0" } }, "sha512-HfF8+mYcHPcPypui3w3mvzuIErlNOh2OAG+BCeBZCEwyiD5ls2SiCwEyT47OELtf7M3nHxBdu0FsmzdKxkN52Q=="],

    "typescript": ["typescript@5.9.3", "", { "bin": { "tsc": "bin/tsc", "tsserver": "bin/tsserver" } }, "sha512-jl1vZzPDinLr9eUt3J/t7V6FgNEw9QjvBPdysz9KfQDD41fQrC2Y4vKQdiaUpFT4bXlb1RHhLpp8wtm6M5TgSw=="],

    "undici-types": ["undici-types@6.21.0", "", {}, "sha512-iwDZqg0QAGrg9Rav5H4n0M64c3mkR59cJ6wQp+7C4nI0gsmExaedaYLNO44eT4AtBBwjbTiGPMlt2Md0T9H9JQ=="],

    "zod": ["zod@3.25.76", "", {}, "sha512-gzUt/qt81nXsFGKIFcC3YnfEAx5NkunCfnDlvuBSSFS02bcXu4Lmea0AFIUwbLWxWPx3d9p8S5QoaujKcNQxcQ=="],
  }
}
